// !$*UTF8*$!
{
	archiveVersion = 1;
	classes = {
	};
	objectVersion = 50;
	objects = {

/* Begin PBXBuildFile section */
		24BB370B92BA05AD4A262853 /* Pods_PinCodeTests.framework in Frameworks */ = {isa = PBXBuildFile; fileRef = 4F12FBAC4A74E8E9B7C1DA43 /* Pods_PinCodeTests.framework */; };
		9E353BBE215FB88800E1F644 /* AppDelegate.swift in Sources */ = {isa = PBXBuildFile; fileRef = 9E353BBD215FB88800E1F644 /* AppDelegate.swift */; };
		9E353BC0215FB88800E1F644 /* ViewController.swift in Sources */ = {isa = PBXBuildFile; fileRef = 9E353BBF215FB88800E1F644 /* ViewController.swift */; };
		9E353BC5215FB88A00E1F644 /* Assets.xcassets in Resources */ = {isa = PBXBuildFile; fileRef = 9E353BC4215FB88A00E1F644 /* Assets.xcassets */; };
		9E353BC8215FB88A00E1F644 /* LaunchScreen.storyboard in Resources */ = {isa = PBXBuildFile; fileRef = 9E353BC6215FB88A00E1F644 /* LaunchScreen.storyboard */; };
		9E353BD3215FB88A00E1F644 /* PinCodeTests.swift in Sources */ = {isa = PBXBuildFile; fileRef = 9E353BD2215FB88A00E1F644 /* PinCodeTests.swift */; };
		9E353BDF2160471400E1F644 /* PinCodeView.swift in Sources */ = {isa = PBXBuildFile; fileRef = 9E353BDE2160471400E1F644 /* PinCodeView.swift */; };
		9E353BE12160476400E1F644 /* UIView_Extensions.swift in Sources */ = {isa = PBXBuildFile; fileRef = 9E353BE02160476400E1F644 /* UIView_Extensions.swift */; };
		EC16ACB13EAAC5F026704AFF /* Pods_PinCode.framework in Frameworks */ = {isa = PBXBuildFile; fileRef = C3BEA3D16070D3EEDAEE454C /* Pods_PinCode.framework */; };
/* End PBXBuildFile section */

/* Begin PBXContainerItemProxy section */
		9E353BCF215FB88A00E1F644 /* PBXContainerItemProxy */ = {
			isa = PBXContainerItemProxy;
			containerPortal = 9E353BB2215FB88800E1F644 /* Project object */;
			proxyType = 1;
			remoteGlobalIDString = 9E353BB9215FB88800E1F644;
			remoteInfo = PinCode;
		};
/* End PBXContainerItemProxy section */

/* Begin PBXFileReference section */
		4F12FBAC4A74E8E9B7C1DA43 /* Pods_PinCodeTests.framework */ = {isa = PBXFileReference; explicitFileType = wrapper.framework; includeInIndex = 0; path = Pods_PinCodeTests.framework; sourceTree = BUILT_PRODUCTS_DIR; };
		6E1053D06492276883B3DCBA /* Pods-PinCodeTests.debug.xcconfig */ = {isa = PBXFileReference; includeInIndex = 1; lastKnownFileType = text.xcconfig; name = "Pods-PinCodeTests.debug.xcconfig"; path = "Pods/Target Support Files/Pods-PinCodeTests/Pods-PinCodeTests.debug.xcconfig"; sourceTree = "<group>"; };
		702D70F35A09BB75082B3D01 /* Pods-PinCode.release.xcconfig */ = {isa = PBXFileReference; includeInIndex = 1; lastKnownFileType = text.xcconfig; name = "Pods-PinCode.release.xcconfig"; path = "Pods/Target Support Files/Pods-PinCode/Pods-PinCode.release.xcconfig"; sourceTree = "<group>"; };
		9E353BBA215FB88800E1F644 /* PinCode.app */ = {isa = PBXFileReference; explicitFileType = wrapper.application; includeInIndex = 0; path = PinCode.app; sourceTree = BUILT_PRODUCTS_DIR; };
		9E353BBD215FB88800E1F644 /* AppDelegate.swift */ = {isa = PBXFileReference; lastKnownFileType = sourcecode.swift; path = AppDelegate.swift; sourceTree = "<group>"; };
		9E353BBF215FB88800E1F644 /* ViewController.swift */ = {isa = PBXFileReference; lastKnownFileType = sourcecode.swift; path = ViewController.swift; sourceTree = "<group>"; };
		9E353BC4215FB88A00E1F644 /* Assets.xcassets */ = {isa = PBXFileReference; lastKnownFileType = folder.assetcatalog; path = Assets.xcassets; sourceTree = "<group>"; };
		9E353BC7215FB88A00E1F644 /* Base */ = {isa = PBXFileReference; lastKnownFileType = file.storyboard; name = Base; path = Base.lproj/LaunchScreen.storyboard; sourceTree = "<group>"; };
		9E353BC9215FB88A00E1F644 /* Info.plist */ = {isa = PBXFileReference; lastKnownFileType = text.plist.xml; path = Info.plist; sourceTree = "<group>"; };
		9E353BCE215FB88A00E1F644 /* PinCodeTests.xctest */ = {isa = PBXFileReference; explicitFileType = wrapper.cfbundle; includeInIndex = 0; path = PinCodeTests.xctest; sourceTree = BUILT_PRODUCTS_DIR; };
		9E353BD2215FB88A00E1F644 /* PinCodeTests.swift */ = {isa = PBXFileReference; lastKnownFileType = sourcecode.swift; path = PinCodeTests.swift; sourceTree = "<group>"; };
		9E353BD4215FB88A00E1F644 /* Info.plist */ = {isa = PBXFileReference; lastKnownFileType = text.plist.xml; path = Info.plist; sourceTree = "<group>"; };
		9E353BDE2160471400E1F644 /* PinCodeView.swift */ = {isa = PBXFileReference; lastKnownFileType = sourcecode.swift; path = PinCodeView.swift; sourceTree = "<group>"; };
		9E353BE02160476400E1F644 /* UIView_Extensions.swift */ = {isa = PBXFileReference; lastKnownFileType = sourcecode.swift; path = UIView_Extensions.swift; sourceTree = "<group>"; };
		B78173EFD825A99D7600D883 /* Pods-PinCodeTests.release.xcconfig */ = {isa = PBXFileReference; includeInIndex = 1; lastKnownFileType = text.xcconfig; name = "Pods-PinCodeTests.release.xcconfig"; path = "Pods/Target Support Files/Pods-PinCodeTests/Pods-PinCodeTests.release.xcconfig"; sourceTree = "<group>"; };
		C3BEA3D16070D3EEDAEE454C /* Pods_PinCode.framework */ = {isa = PBXFileReference; explicitFileType = wrapper.framework; includeInIndex = 0; path = Pods_PinCode.framework; sourceTree = BUILT_PRODUCTS_DIR; };
		DCE071D7A03D15F316414809 /* Pods-PinCode.debug.xcconfig */ = {isa = PBXFileReference; includeInIndex = 1; lastKnownFileType = text.xcconfig; name = "Pods-PinCode.debug.xcconfig"; path = "Pods/Target Support Files/Pods-PinCode/Pods-PinCode.debug.xcconfig"; sourceTree = "<group>"; };
/* End PBXFileReference section */

/* Begin PBXFrameworksBuildPhase section */
		9E353BB7215FB88800E1F644 /* Frameworks */ = {
			isa = PBXFrameworksBuildPhase;
			buildActionMask = 2147483647;
			files = (
				EC16ACB13EAAC5F026704AFF /* Pods_PinCode.framework in Frameworks */,
			);
			runOnlyForDeploymentPostprocessing = 0;
		};
		9E353BCB215FB88A00E1F644 /* Frameworks */ = {
			isa = PBXFrameworksBuildPhase;
			buildActionMask = 2147483647;
			files = (
				24BB370B92BA05AD4A262853 /* Pods_PinCodeTests.framework in Frameworks */,
			);
			runOnlyForDeploymentPostprocessing = 0;
		};
/* End PBXFrameworksBuildPhase section */

/* Begin PBXGroup section */
		69D29CD9F44C7B9874C10378 /* Frameworks */ = {
			isa = PBXGroup;
			children = (
				C3BEA3D16070D3EEDAEE454C /* Pods_PinCode.framework */,
				4F12FBAC4A74E8E9B7C1DA43 /* Pods_PinCodeTests.framework */,
			);
			name = Frameworks;
			sourceTree = "<group>";
		};
		98E35AEDB8DB5BC7E55A520F /* Pods */ = {
			isa = PBXGroup;
			children = (
				DCE071D7A03D15F316414809 /* Pods-PinCode.debug.xcconfig */,
				702D70F35A09BB75082B3D01 /* Pods-PinCode.release.xcconfig */,
				6E1053D06492276883B3DCBA /* Pods-PinCodeTests.debug.xcconfig */,
				B78173EFD825A99D7600D883 /* Pods-PinCodeTests.release.xcconfig */,
			);
			name = Pods;
			sourceTree = "<group>";
		};
		9E353BB1215FB88800E1F644 = {
			isa = PBXGroup;
			children = (
				9E353BBC215FB88800E1F644 /* PinCode */,
				9E353BD1215FB88A00E1F644 /* PinCodeTests */,
				9E353BBB215FB88800E1F644 /* Products */,
				98E35AEDB8DB5BC7E55A520F /* Pods */,
				69D29CD9F44C7B9874C10378 /* Frameworks */,
			);
			sourceTree = "<group>";
		};
		9E353BBB215FB88800E1F644 /* Products */ = {
			isa = PBXGroup;
			children = (
				9E353BBA215FB88800E1F644 /* PinCode.app */,
				9E353BCE215FB88A00E1F644 /* PinCodeTests.xctest */,
			);
			name = Products;
			sourceTree = "<group>";
		};
		9E353BBC215FB88800E1F644 /* PinCode */ = {
			isa = PBXGroup;
			children = (
				9E353BBD215FB88800E1F644 /* AppDelegate.swift */,
				9E353BBF215FB88800E1F644 /* ViewController.swift */,
				9E353BC4215FB88A00E1F644 /* Assets.xcassets */,
				9E353BC6215FB88A00E1F644 /* LaunchScreen.storyboard */,
				9E353BC9215FB88A00E1F644 /* Info.plist */,
				9E353BDE2160471400E1F644 /* PinCodeView.swift */,
				9E353BE02160476400E1F644 /* UIView_Extensions.swift */,
			);
			path = PinCode;
			sourceTree = "<group>";
		};
		9E353BD1215FB88A00E1F644 /* PinCodeTests */ = {
			isa = PBXGroup;
			children = (
				9E353BD2215FB88A00E1F644 /* PinCodeTests.swift */,
				9E353BD4215FB88A00E1F644 /* Info.plist */,
			);
			path = PinCodeTests;
			sourceTree = "<group>";
		};
/* End PBXGroup section */

/* Begin PBXNativeTarget section */
		9E353BB9215FB88800E1F644 /* PinCode */ = {
			isa = PBXNativeTarget;
			buildConfigurationList = 9E353BD7215FB88A00E1F644 /* Build configuration list for PBXNativeTarget "PinCode" */;
			buildPhases = (
				844AF86D3D88ED9ACA8792F1 /* [CP] Check Pods Manifest.lock */,
				9E353BB6215FB88800E1F644 /* Sources */,
				9E353BB7215FB88800E1F644 /* Frameworks */,
				9E353BB8215FB88800E1F644 /* Resources */,
			);
			buildRules = (
			);
			dependencies = (
			);
			name = PinCode;
			productName = PinCode;
			productReference = 9E353BBA215FB88800E1F644 /* PinCode.app */;
			productType = "com.apple.product-type.application";
		};
		9E353BCD215FB88A00E1F644 /* PinCodeTests */ = {
			isa = PBXNativeTarget;
			buildConfigurationList = 9E353BDA215FB88A00E1F644 /* Build configuration list for PBXNativeTarget "PinCodeTests" */;
			buildPhases = (
				F150A943C7D3F230AFE6E203 /* [CP] Check Pods Manifest.lock */,
				9E353BCA215FB88A00E1F644 /* Sources */,
				9E353BCB215FB88A00E1F644 /* Frameworks */,
				9E353BCC215FB88A00E1F644 /* Resources */,
			);
			buildRules = (
			);
			dependencies = (
				9E353BD0215FB88A00E1F644 /* PBXTargetDependency */,
			);
			name = PinCodeTests;
			productName = PinCodeTests;
			productReference = 9E353BCE215FB88A00E1F644 /* PinCodeTests.xctest */;
			productType = "com.apple.product-type.bundle.unit-test";
		};
/* End PBXNativeTarget section */

/* Begin PBXProject section */
		9E353BB2215FB88800E1F644 /* Project object */ = {
			isa = PBXProject;
			attributes = {
				LastSwiftUpdateCheck = 1000;
				LastUpgradeCheck = 1000;
				ORGANIZATIONNAME = "Chris Karani";
				TargetAttributes = {
					9E353BB9215FB88800E1F644 = {
						CreatedOnToolsVersion = 10.0;
					};
					9E353BCD215FB88A00E1F644 = {
						CreatedOnToolsVersion = 10.0;
						TestTargetID = 9E353BB9215FB88800E1F644;
					};
				};
			};
			buildConfigurationList = 9E353BB5215FB88800E1F644 /* Build configuration list for PBXProject "PinCode" */;
			compatibilityVersion = "Xcode 9.3";
			developmentRegion = en;
			hasScannedForEncodings = 0;
			knownRegions = (
				en,
				Base,
			);
			mainGroup = 9E353BB1215FB88800E1F644;
			productRefGroup = 9E353BBB215FB88800E1F644 /* Products */;
			projectDirPath = "";
			projectRoot = "";
			targets = (
				9E353BB9215FB88800E1F644 /* PinCode */,
				9E353BCD215FB88A00E1F644 /* PinCodeTests */,
			);
		};
/* End PBXProject section */

/* Begin PBXResourcesBuildPhase section */
		9E353BB8215FB88800E1F644 /* Resources */ = {
			isa = PBXResourcesBuildPhase;
			buildActionMask = 2147483647;
			files = (
				9E353BC8215FB88A00E1F644 /* LaunchScreen.storyboard in Resources */,
				9E353BC5215FB88A00E1F644 /* Assets.xcassets in Resources */,
			);
			runOnlyForDeploymentPostprocessing = 0;
		};
		9E353BCC215FB88A00E1F644 /* Resources */ = {
			isa = PBXResourcesBuildPhase;
			buildActionMask = 2147483647;
			files = (
			);
			runOnlyForDeploymentPostprocessing = 0;
		};
/* End PBXResourcesBuildPhase section */

/* Begin PBXShellScriptBuildPhase section */
		844AF86D3D88ED9ACA8792F1 /* [CP] Check Pods Manifest.lock */ = {
			isa = PBXShellScriptBuildPhase;
			buildActionMask = 2147483647;
			files = (
			);
			inputPaths = (
				"${PODS_PODFILE_DIR_PATH}/Podfile.lock",
				"${PODS_ROOT}/Manifest.lock",
			);
			name = "[CP] Check Pods Manifest.lock";
			outputPaths = (
				"$(DERIVED_FILE_DIR)/Pods-PinCode-checkManifestLockResult.txt",
			);
			runOnlyForDeploymentPostprocessing = 0;
			shellPath = /bin/sh;
			shellScript = "diff \"${PODS_PODFILE_DIR_PATH}/Podfile.lock\" \"${PODS_ROOT}/Manifest.lock\" > /dev/null\nif [ $? != 0 ] ; then\n    # print error to STDERR\n    echo \"error: The sandbox is not in sync with the Podfile.lock. Run 'pod install' or update your CocoaPods installation.\" >&2\n    exit 1\nfi\n# This output is used by Xcode 'outputs' to avoid re-running this script phase.\necho \"SUCCESS\" > \"${SCRIPT_OUTPUT_FILE_0}\"\n";
			showEnvVarsInLog = 0;
		};
		F150A943C7D3F230AFE6E203 /* [CP] Check Pods Manifest.lock */ = {
			isa = PBXShellScriptBuildPhase;
			buildActionMask = 2147483647;
			files = (
			);
			inputPaths = (
				"${PODS_PODFILE_DIR_PATH}/Podfile.lock",
				"${PODS_ROOT}/Manifest.lock",
			);
			name = "[CP] Check Pods Manifest.lock";
			outputPaths = (
				"$(DERIVED_FILE_DIR)/Pods-PinCodeTests-checkManifestLockResult.txt",
			);
			runOnlyForDeploymentPostprocessing = 0;
			shellPath = /bin/sh;
			shellScript = "diff \"${PODS_PODFILE_DIR_PATH}/Podfile.lock\" \"${PODS_ROOT}/Manifest.lock\" > /dev/null\nif [ $? != 0 ] ; then\n    # print error to STDERR\n    echo \"error: The sandbox is not in sync with the Podfile.lock. Run 'pod install' or update your CocoaPods installation.\" >&2\n    exit 1\nfi\n# This output is used by Xcode 'outputs' to avoid re-running this script phase.\necho \"SUCCESS\" > \"${SCRIPT_OUTPUT_FILE_0}\"\n";
			showEnvVarsInLog = 0;
		};
/* End PBXShellScriptBuildPhase section */

/* Begin PBXSourcesBuildPhase section */
		9E353BB6215FB88800E1F644 /* Sources */ = {
			isa = PBXSourcesBuildPhase;
			buildActionMask = 2147483647;
			files = (
				9E353BC0215FB88800E1F644 /* ViewController.swift in Sources */,
				9E353BBE215FB88800E1F644 /* AppDelegate.swift in Sources */,
				9E353BE12160476400E1F644 /* UIView_Extensions.swift in Sources */,
				9E353BDF2160471400E1F644 /* PinCodeView.swift in Sources */,
			);
			runOnlyForDeploymentPostprocessing = 0;
		};
		9E353BCA215FB88A00E1F644 /* Sources */ = {
			isa = PBXSourcesBuildPhase;
			buildActionMask = 2147483647;
			files = (
				9E353BD3215FB88A00E1F644 /* PinCodeTests.swift in Sources */,
			);
			runOnlyForDeploymentPostprocessing = 0;
		};
/* End PBXSourcesBuildPhase section */

/* Begin PBXTargetDependency section */
		9E353BD0215FB88A00E1F644 /* PBXTargetDependency */ = {
			isa = PBXTargetDependency;
			target = 9E353BB9215FB88800E1F644 /* PinCode */;
			targetProxy = 9E353BCF215FB88A00E1F644 /* PBXContainerItemProxy */;
		};
/* End PBXTargetDependency section */

/* Begin PBXVariantGroup section */
		9E353BC6215FB88A00E1F644 /* LaunchScreen.storyboard */ = {
			isa = PBXVariantGroup;
			children = (
				9E353BC7215FB88A00E1F644 /* Base */,
			);
			name = LaunchScreen.storyboard;
			sourceTree = "<group>";
		};
/* End PBXVariantGroup section */

/* Begin XCBuildConfiguration section */
		9E353BD5215FB88A00E1F644 /* Debug */ = {
			isa = XCBuildConfiguration;
			buildSettings = {
				ALWAYS_SEARCH_USER_PATHS = NO;
				CLANG_ANALYZER_NONNULL = YES;
				CLANG_ANALYZER_NUMBER_OBJECT_CONVERSION = YES_AGGRESSIVE;
				CLANG_CXX_LANGUAGE_STANDARD = "gnu++14";
				CLANG_CXX_LIBRARY = "libc++";
				CLANG_ENABLE_MODULES = YES;
				CLANG_ENABLE_OBJC_ARC = YES;
				CLANG_ENABLE_OBJC_WEAK = YES;
				CLANG_WARN_BLOCK_CAPTURE_AUTORELEASING = YES;
				CLANG_WARN_BOOL_CONVERSION = YES;
				CLANG_WARN_COMMA = YES;
				CLANG_WARN_CONSTANT_CONVERSION = YES;
				CLANG_WARN_DEPRECATED_OBJC_IMPLEMENTATIONS = YES;
				CLANG_WARN_DIRECT_OBJC_ISA_USAGE = YES_ERROR;
				CLANG_WARN_DOCUMENTATION_COMMENTS = YES;
				CLANG_WARN_EMPTY_BODY = YES;
				CLANG_WARN_ENUM_CONVERSION = YES;
				CLANG_WARN_INFINITE_RECURSION = YES;
				CLANG_WARN_INT_CONVERSION = YES;
				CLANG_WARN_NON_LITERAL_NULL_CONVERSION = YES;
				CLANG_WARN_OBJC_IMPLICIT_RETAIN_SELF = YES;
				CLANG_WARN_OBJC_LITERAL_CONVERSION = YES;
				CLANG_WARN_OBJC_ROOT_CLASS = YES_ERROR;
				CLANG_WARN_RANGE_LOOP_ANALYSIS = YES;
				CLANG_WARN_STRICT_PROTOTYPES = YES;
				CLANG_WARN_SUSPICIOUS_MOVE = YES;
				CLANG_WARN_UNGUARDED_AVAILABILITY = YES_AGGRESSIVE;
				CLANG_WARN_UNREACHABLE_CODE = YES;
				CLANG_WARN__DUPLICATE_METHOD_MATCH = YES;
				CODE_SIGN_IDENTITY = "iPhone Developer";
				COPY_PHASE_STRIP = NO;
				DEBUG_INFORMATION_FORMAT = dwarf;
				ENABLE_STRICT_OBJC_MSGSEND = YES;
				ENABLE_TESTABILITY = YES;
				GCC_C_LANGUAGE_STANDARD = gnu11;
				GCC_DYNAMIC_NO_PIC = NO;
				GCC_NO_COMMON_BLOCKS = YES;
				GCC_OPTIMIZATION_LEVEL = 0;
				GCC_PREPROCESSOR_DEFINITIONS = (
					"DEBUG=1",
					"$(inherited)",
				);
				GCC_WARN_64_TO_32_BIT_CONVERSION = YES;
				GCC_WARN_ABOUT_RETURN_TYPE = YES_ERROR;
				GCC_WARN_UNDECLARED_SELECTOR = YES;
				GCC_WARN_UNINITIALIZED_AUTOS = YES_AGGRESSIVE;
				GCC_WARN_UNUSED_FUNCTION = YES;
				GCC_WARN_UNUSED_VARIABLE = YES;
				IPHONEOS_DEPLOYMENT_TARGET = 12.0;
				MTL_ENABLE_DEBUG_INFO = INCLUDE_SOURCE;
				MTL_FAST_MATH = YES;
				ONLY_ACTIVE_ARCH = YES;
				SDKROOT = iphoneos;
				SWIFT_ACTIVE_COMPILATION_CONDITIONS = DEBUG;
				SWIFT_OPTIMIZATION_LEVEL = "-Onone";
			};
			name = Debug;
		};
		9E353BD6215FB88A00E1F644 /* Release */ = {
			isa = XCBuildConfiguration;
			buildSettings = {
				ALWAYS_SEARCH_USER_PATHS = NO;
				CLANG_ANALYZER_NONNULL = YES;
				CLANG_ANALYZER_NUMBER_OBJECT_CONVERSION = YES_AGGRESSIVE;
				CLANG_CXX_LANGUAGE_STANDARD = "gnu++14";
				CLANG_CXX_LIBRARY = "libc++";
				CLANG_ENABLE_MODULES = YES;
				CLANG_ENABLE_OBJC_ARC = YES;
				CLANG_ENABLE_OBJC_WEAK = YES;
				CLANG_WARN_BLOCK_CAPTURE_AUTORELEASING = YES;
				CLANG_WARN_BOOL_CONVERSION = YES;
				CLANG_WARN_COMMA = YES;
				CLANG_WARN_CONSTANT_CONVERSION = YES;
				CLANG_WARN_DEPRECATED_OBJC_IMPLEMENTATIONS = YES;
				CLANG_WARN_DIRECT_OBJC_ISA_USAGE = YES_ERROR;
				CLANG_WARN_DOCUMENTATION_COMMENTS = YES;
				CLANG_WARN_EMPTY_BODY = YES;
				CLANG_WARN_ENUM_CONVERSION = YES;
				CLANG_WARN_INFINITE_RECURSION = YES;
				CLANG_WARN_INT_CONVERSION = YES;
				CLANG_WARN_NON_LITERAL_NULL_CONVERSION = YES;
				CLANG_WARN_OBJC_IMPLICIT_RETAIN_SELF = YES;
				CLANG_WARN_OBJC_LITERAL_CONVERSION = YES;
				CLANG_WARN_OBJC_ROOT_CLASS = YES_ERROR;
				CLANG_WARN_RANGE_LOOP_ANALYSIS = YES;
				CLANG_WARN_STRICT_PROTOTYPES = YES;
				CLANG_WARN_SUSPICIOUS_MOVE = YES;
				CLANG_WARN_UNGUARDED_AVAILABILITY = YES_AGGRESSIVE;
				CLANG_WARN_UNREACHABLE_CODE = YES;
				CLANG_WARN__DUPLICATE_METHOD_MATCH = YES;
				CODE_SIGN_IDENTITY = "iPhone Developer";
				COPY_PHASE_STRIP = NO;
				DEBUG_INFORMATION_FORMAT = "dwarf-with-dsym";
				ENABLE_NS_ASSERTIONS = NO;
				ENABLE_STRICT_OBJC_MSGSEND = YES;
				GCC_C_LANGUAGE_STANDARD = gnu11;
				GCC_NO_COMMON_BLOCKS = YES;
				GCC_WARN_64_TO_32_BIT_CONVERSION = YES;
				GCC_WARN_ABOUT_RETURN_TYPE = YES_ERROR;
				GCC_WARN_UNDECLARED_SELECTOR = YES;
				GCC_WARN_UNINITIALIZED_AUTOS = YES_AGGRESSIVE;
				GCC_WARN_UNUSED_FUNCTION = YES;
				GCC_WARN_UNUSED_VARIABLE = YES;
				IPHONEOS_DEPLOYMENT_TARGET = 12.0;
				MTL_ENABLE_DEBUG_INFO = NO;
				MTL_FAST_MATH = YES;
				SDKROOT = iphoneos;
				SWIFT_COMPILATION_MODE = wholemodule;
				SWIFT_OPTIMIZATION_LEVEL = "-O";
				VALIDATE_PRODUCT = YES;
			};
			name = Release;
		};
		9E353BD8215FB88A00E1F644 /* Debug */ = {
			isa = XCBuildConfiguration;
			baseConfigurationReference = DCE071D7A03D15F316414809 /* Pods-PinCode.debug.xcconfig */;
			buildSettings = {
				ASSETCATALOG_COMPILER_APPICON_NAME = AppIcon;
				CODE_SIGN_STYLE = Automatic;
				DEVELOPMENT_TEAM = BTSZ26LN83;
				INFOPLIST_FILE = PinCode/Info.plist;
				LD_RUNPATH_SEARCH_PATHS = (
					"$(inherited)",
					"@executable_path/Frameworks",
				);
				PRODUCT_BUNDLE_IDENTIFIER = com.test.PinCode;
				PRODUCT_NAME = "$(TARGET_NAME)";
				SWIFT_VERSION = 4.2;
				TARGETED_DEVICE_FAMILY = "1,2";
			};
			name = Debug;
		};
		9E353BD9215FB88A00E1F644 /* Release */ = {
			isa = XCBuildConfiguration;
			baseConfigurationReference = 702D70F35A09BB75082B3D01 /* Pods-PinCode.release.xcconfig */;
			buildSettings = {
				ASSETCATALOG_COMPILER_APPICON_NAME = AppIcon;
				CODE_SIGN_STYLE = Automatic;
				DEVELOPMENT_TEAM = BTSZ26LN83;
				INFOPLIST_FILE = PinCode/Info.plist;
				LD_RUNPATH_SEARCH_PATHS = (
					"$(inherited)",
					"@executable_path/Frameworks",
				);
				PRODUCT_BUNDLE_IDENTIFIER = com.test.PinCode;
				PRODUCT_NAME = "$(TARGET_NAME)";
				SWIFT_VERSION = 4.2;
				TARGETED_DEVICE_FAMILY = "1,2";
			};
			name = Release;
		};
		9E353BDB215FB88A00E1F644 /* Debug */ = {
			isa = XCBuildConfiguration;
			baseConfigurationReference = 6E1053D06492276883B3DCBA /* Pods-PinCodeTests.debug.xcconfig */;
			buildSettings = {
				ALWAYS_EMBED_SWIFT_STANDARD_LIBRARIES = YES;
				BUNDLE_LOADER = "$(TEST_HOST)";
				CODE_SIGN_STYLE = Automatic;
				INFOPLIST_FILE = PinCodeTests/Info.plist;
				LD_RUNPATH_SEARCH_PATHS = (
					"$(inherited)",
					"@executable_path/Frameworks",
					"@loader_path/Frameworks",
				);
				PRODUCT_BUNDLE_IDENTIFIER = com.test.PinCodeTests;
				PRODUCT_NAME = "$(TARGET_NAME)";
				SWIFT_VERSION = 4.2;
				TARGETED_DEVICE_FAMILY = "1,2";
				TEST_HOST = "$(BUILT_PRODUCTS_DIR)/PinCode.app/PinCode";
			};
			name = Debug;
		};
		9E353BDC215FB88A00E1F644 /* Release */ = {
			isa = XCBuildConfiguration;
			baseConfigurationReference = B78173EFD825A99D7600D883 /* Pods-PinCodeTests.release.xcconfig */;
			buildSettings = {
				ALWAYS_EMBED_SWIFT_STANDARD_LIBRARIES = YES;
				BUNDLE_LOADER = "$(TEST_HOST)";
				CODE_SIGN_STYLE = Automatic;
				INFOPLIST_FILE = PinCodeTests/Info.plist;
				LD_RUNPATH_SEARCH_PATHS = (
					"$(inherited)",
					"@executable_path/Frameworks",
					"@loader_path/Frameworks",
				);
				PRODUCT_BUNDLE_IDENTIFIER = com.test.PinCodeTests;
				PRODUCT_NAME = "$(TARGET_NAME)";
				SWIFT_VERSION = 4.2;
				TARGETED_DEVICE_FAMILY = "1,2";
				TEST_HOST = "$(BUILT_PRODUCTS_DIR)/PinCode.app/PinCode";
			};
			name = Release;
		};
/* End XCBuildConfiguration section */

/* Begin XCConfigurationList section */
		9E353BB5215FB88800E1F644 /* Build configuration list for PBXProject "PinCode" */ = {
			isa = XCConfigurationList;
			buildConfigurations = (
				9E353BD5215FB88A00E1F644 /* Debug */,
				9E353BD6215FB88A00E1F644 /* Release */,
			);
			defaultConfigurationIsVisible = 0;
			defaultConfigurationName = Release;
		};
		9E353BD7215FB88A00E1F644 /* Build configuration list for PBXNativeTarget "PinCode" */ = {
			isa = XCConfigurationList;
			buildConfigurations = (
				9E353BD8215FB88A00E1F644 /* Debug */,
				9E353BD9215FB88A00E1F644 /* Release */,
			);
			defaultConfigurationIsVisible = 0;
			defaultConfigurationName = Release;
		};
		9E353BDA215FB88A00E1F644 /* Build configuration list for PBXNativeTarget "PinCodeTests" */ = {
			isa = XCConfigurationList;
			buildConfigurations = (
				9E353BDB215FB88A00E1F644 /* Debug */,
				9E353BDC215FB88A00E1F644 /* Release */,
			);
			defaultConfigurationIsVisible = 0;
			defaultConfigurationName = Release;
		};
/* End XCConfigurationList section */
	};
	rootObject = 9E353BB2215FB88800E1F644 /* Project object */;
}
